github.com/hollis-labs/nanite/pkg/pluginapi v0.1.0 h1:HNdN80B39f/d7KXZwPnNJK3e9QuxzahVxyK3PnfHHSE=
github.com/hollis-labs/nanite/pkg/pluginapi v0.1.0/go.mod h1:1WgszYYMe+90Zf4WUUibiVwZuZ30XcvY1FFkVEN89xg=
github.com/hollis-labs/plugin-sdk v0.6.0 h1:4ZzVEgi57S/ju1hVG+z9Cb66rrx7uOT97capmv9GYPs=
github.com/hollis-labs/plugin-sdk v0.6.0/go.mod h1:GW8/S59GT15wKNQu62XvGArq7yLsceNDEa5TA3wFud0=
