github.com/hollis-labs/nanite/pkg/pluginapi v0.1.6 h1:5fGqF39hX09qRE/BoSlQndAwQP/y6xIlpFG+3tTk2nA=
github.com/hollis-labs/nanite/pkg/pluginapi v0.1.6/go.mod h1:mXUGNw6ZwTRxaam/uTIOdwlj4Jx5PCSX6C4L/OaXnaA=
github.com/hollis-labs/plugin-sdk v0.6.1 h1:h661bJZNrFSYcebWRy/2h+SbQqGxpzCxMBhcgwSxWs0=
github.com/hollis-labs/plugin-sdk v0.6.1/go.mod h1:GW8/S59GT15wKNQu62XvGArq7yLsceNDEa5TA3wFud0=
